Microsoft Visual Studio Solution File, Format Version 12.00
# Visual Studio Version 17
VisualStudioVersion = 17.7.34221.43
MinimumVisualStudioVersion = 10.0.40219.1

Project("{2150E333-8FDC-42A3-9474-1A3956D46DE8}") = "API", "API", "{F6275A80-5435-44C9-BE3D-33DB5D18A16C}"
EndProject

Project("{9A19103F-16F7-4668-BE54-9A1E7A4F7556}") = "AmusementPark.WebAPI", "API\AmusementPark.WebAPI\AmusementPark.WebAPI.csproj", "{085FEC06-324D-42E3-BD2F-97E47D1CB660}"
EndProject
Project("{9A19103F-16F7-4668-BE54-9A1E7A4F7556}") = "AmusementPark.Infrastructure", "API\AmusementPark.Infrastructure\AmusementPark.Infrastructure.csproj", "{DA66BAC2-25D1-495F-8955-9AEAC5CD4767}"
EndProject
Project("{9A19103F-16F7-4668-BE54-9A1E7A4F7556}") = "AmusementPark.Application", "API\AmusementPark.Application\AmusementPark.Application.csproj", "{E9858229-546D-4FCA-A467-6D360EDB06BE}"
EndProject
Project("{9A19103F-16F7-4668-BE54-9A1E7A4F7556}") = "AmusementPark.Core", "API\AmusementPark.Core\AmusementPark.Core.csproj", "{49307D70-9C32-4ABC-8FA6-19531D7B3C23}"
EndProject

Global
	GlobalSection(SolutionConfigurationPlatforms) = preSolution
		Debug|Any CPU = Debug|Any CPU
		Release|Any CPU = Release|Any CPU
	EndGlobalSection

	GlobalSection(ProjectConfigurationPlatforms) = postSolution
		{085FEC06-324D-42E3-BD2F-97E47D1CB660}.Debug|Any CPU.ActiveCfg = Debug|Any CPU
		{085FEC06-324D-42E3-BD2F-97E47D1CB660}.Debug|Any CPU.Build.0 = Debug|Any CPU
		{085FEC06-324D-42E3-BD2F-97E47D1CB660}.Release|Any CPU.ActiveCfg = Release|Any CPU
		{085FEC06-324D-42E3-BD2F-97E47D1CB660}.Release|Any CPU.Build.0 = Release|Any CPU

		{DA66BAC2-25D1-495F-8955-9AEAC5CD4767}.Debug|Any CPU.ActiveCfg = Debug|Any CPU
		{DA66BAC2-25D1-495F-8955-9AEAC5CD4767}.Debug|Any CPU.Build.0 = Debug|Any CPU
		{DA66BAC2-25D1-495F-8955-9AEAC5CD4767}.Release|Any CPU.ActiveCfg = Release|Any CPU
		{DA66BAC2-25D1-495F-8955-9AEAC5CD4767}.Release|Any CPU.Build.0 = Release|Any CPU

		{E9858229-546D-4FCA-A467-6D360EDB06BE}.Debug|Any CPU.ActiveCfg = Debug|Any CPU
		{E9858229-546D-4FCA-A467-6D360EDB06BE}.Debug|Any CPU.Build.0 = Debug|Any CPU
		{E9858229-546D-4FCA-A467-6D360EDB06BE}.Release|Any CPU.ActiveCfg = Release|Any CPU
		{E9858229-546D-4FCA-A467-6D360EDB06BE}.Release|Any CPU.Build.0 = Release|Any CPU

		{49307D70-9C32-4ABC-8FA6-19531D7B3C23}.Debug|Any CPU.ActiveCfg = Debug|Any CPU
		{49307D70-9C32-4ABC-8FA6-19531D7B3C23}.Debug|Any CPU.Build.0 = Debug|Any CPU
		{49307D70-9C32-4ABC-8FA6-19531D7B3C23}.Release|Any CPU.ActiveCfg = Release|Any CPU
		{49307D70-9C32-4ABC-8FA6-19531D7B3C23}.Release|Any CPU.Build.0 = Release|Any CPU
	EndGlobalSection

	GlobalSection(SolutionProperties) = preSolution
		HideSolutionNode = FALSE
	EndGlobalSection

	GlobalSection(NestedProjects) = preSolution
		{085FEC06-324D-42E3-BD2F-97E47D1CB660} = {F6275A80-5435-44C9-BE3D-33DB5D18A16C}
		{DA66BAC2-25D1-495F-8955-9AEAC5CD4767} = {F6275A80-5435-44C9-BE3D-33DB5D18A16C}
		{E9858229-546D-4FCA-A467-6D360EDB06BE} = {F6275A80-5435-44C9-BE3D-33DB5D18A16C}
		{49307D70-9C32-4ABC-8FA6-19531D7B3C23} = {F6275A80-5435-44C9-BE3D-33DB5D18A16C}
	EndGlobalSection

	GlobalSection(ExtensibilityGlobals) = postSolution
		SolutionGuid = {4636A4D0-2F20-4420-A022-3083E277A276}
	EndGlobalSection
EndGlobal