
Microsoft Visual Studio Solution File, Format Version 12.00
# Visual Studio Version 17
VisualStudioVersion = 17.7.34221.43
MinimumVisualStudioVersion = 10.0.40219.1
Project("{9A19103F-16F7-4668-BE54-9A1E7A4F7556}") = "WebAPI", "API\WebAPI\WebAPI.csproj", "{BD518101-2995-431D-9AD4-30FD07E575F4}"
EndProject
Project("{2150E333-8FDC-42A3-9474-1A3956D46DE8}") = "API", "API", "{F6275A80-5435-44C9-BE3D-33DB5D18A16C}"
EndProject
Project("{2150E333-8FDC-42A3-9474-1A3956D46DE8}") = "FRONT", "FRONT", "{D83DD268-8F42-4A92-8A60-D9E4C0CA203E}"
EndProject
Project("{54A90642-561A-4BB1-A94E-469ADEE60C69}") = "AmusementPark", "FRONT\AmusementPark\AmusementPark.esproj", "{C8B4836C-153D-48E7-B802-0006481CAD1F}"
EndProject
Project("{2150E333-8FDC-42A3-9474-1A3956D46DE8}") = "Solution Items", "Solution Items", "{D7BDE5C4-D1D5-4458-A97C-13E78BDA01AE}"
	ProjectSection(SolutionItems) = preProject
		.env = .env
		.env.example = .env.example
		docker-compose.yml = docker-compose.yml
	EndProjectSection
EndProject
Project("{FAE04EC0-301F-11D3-BF4B-00C04F79EFBC}") = "Entities", "API\Entities\Entities\Entities.csproj", "{1B12CFB1-BFF5-4D6F-B8E8-E4986CDAAF3E}"
EndProject
Project("{FAE04EC0-301F-11D3-BF4B-00C04F79EFBC}") = "Dtos", "API\Dtos\Dtos\Dtos.csproj", "{6057AC59-DC71-4A5E-BC40-49F6FEAF38C3}"
EndProject
Project("{FAE04EC0-301F-11D3-BF4B-00C04F79EFBC}") = "Services", "API\Services\Services\Services.csproj", "{F7784A87-0737-40E9-8E93-1673978CD958}"
EndProject
Project("{FAE04EC0-301F-11D3-BF4B-00C04F79EFBC}") = "Repositories", "API\Repositories\Repositories\Repositories.csproj", "{EB2E9389-7D8D-4F95-BE0F-73193D0B54C7}"
EndProject
Project("{FAE04EC0-301F-11D3-BF4B-00C04F79EFBC}") = "CommonStatus", "API\CommonStatus\CommonStatus\CommonStatus.csproj", "{6A96C298-4137-426B-AC14-FE53AD70A64B}"
EndProject
Global
	GlobalSection(SolutionConfigurationPlatforms) = preSolution
		Debug|Any CPU = Debug|Any CPU
		Release|Any CPU = Release|Any CPU
	EndGlobalSection
	GlobalSection(ProjectConfigurationPlatforms) = postSolution
		{BD518101-2995-431D-9AD4-30FD07E575F4}.Debug|Any CPU.ActiveCfg = Debug|Any CPU
		{BD518101-2995-431D-9AD4-30FD07E575F4}.Debug|Any CPU.Build.0 = Debug|Any CPU
		{BD518101-2995-431D-9AD4-30FD07E575F4}.Release|Any CPU.ActiveCfg = Release|Any CPU
		{BD518101-2995-431D-9AD4-30FD07E575F4}.Release|Any CPU.Build.0 = Release|Any CPU
		{C8B4836C-153D-48E7-B802-0006481CAD1F}.Debug|Any CPU.ActiveCfg = Debug|Any CPU
		{C8B4836C-153D-48E7-B802-0006481CAD1F}.Debug|Any CPU.Build.0 = Debug|Any CPU
		{C8B4836C-153D-48E7-B802-0006481CAD1F}.Debug|Any CPU.Deploy.0 = Debug|Any CPU
		{C8B4836C-153D-48E7-B802-0006481CAD1F}.Release|Any CPU.ActiveCfg = Release|Any CPU
		{C8B4836C-153D-48E7-B802-0006481CAD1F}.Release|Any CPU.Build.0 = Release|Any CPU
		{C8B4836C-153D-48E7-B802-0006481CAD1F}.Release|Any CPU.Deploy.0 = Release|Any CPU
		{1B12CFB1-BFF5-4D6F-B8E8-E4986CDAAF3E}.Debug|Any CPU.ActiveCfg = Debug|Any CPU
		{1B12CFB1-BFF5-4D6F-B8E8-E4986CDAAF3E}.Debug|Any CPU.Build.0 = Debug|Any CPU
		{1B12CFB1-BFF5-4D6F-B8E8-E4986CDAAF3E}.Release|Any CPU.ActiveCfg = Release|Any CPU
		{1B12CFB1-BFF5-4D6F-B8E8-E4986CDAAF3E}.Release|Any CPU.Build.0 = Release|Any CPU
		{6057AC59-DC71-4A5E-BC40-49F6FEAF38C3}.Debug|Any CPU.ActiveCfg = Debug|Any CPU
		{6057AC59-DC71-4A5E-BC40-49F6FEAF38C3}.Debug|Any CPU.Build.0 = Debug|Any CPU
		{6057AC59-DC71-4A5E-BC40-49F6FEAF38C3}.Release|Any CPU.ActiveCfg = Release|Any CPU
		{6057AC59-DC71-4A5E-BC40-49F6FEAF38C3}.Release|Any CPU.Build.0 = Release|Any CPU
		{F7784A87-0737-40E9-8E93-1673978CD958}.Debug|Any CPU.ActiveCfg = Debug|Any CPU
		{F7784A87-0737-40E9-8E93-1673978CD958}.Debug|Any CPU.Build.0 = Debug|Any CPU
		{F7784A87-0737-40E9-8E93-1673978CD958}.Release|Any CPU.ActiveCfg = Release|Any CPU
		{F7784A87-0737-40E9-8E93-1673978CD958}.Release|Any CPU.Build.0 = Release|Any CPU
		{EB2E9389-7D8D-4F95-BE0F-73193D0B54C7}.Debug|Any CPU.ActiveCfg = Debug|Any CPU
		{EB2E9389-7D8D-4F95-BE0F-73193D0B54C7}.Debug|Any CPU.Build.0 = Debug|Any CPU
		{EB2E9389-7D8D-4F95-BE0F-73193D0B54C7}.Release|Any CPU.ActiveCfg = Release|Any CPU
		{EB2E9389-7D8D-4F95-BE0F-73193D0B54C7}.Release|Any CPU.Build.0 = Release|Any CPU
		{6A96C298-4137-426B-AC14-FE53AD70A64B}.Debug|Any CPU.ActiveCfg = Debug|Any CPU
		{6A96C298-4137-426B-AC14-FE53AD70A64B}.Debug|Any CPU.Build.0 = Debug|Any CPU
		{6A96C298-4137-426B-AC14-FE53AD70A64B}.Release|Any CPU.ActiveCfg = Release|Any CPU
		{6A96C298-4137-426B-AC14-FE53AD70A64B}.Release|Any CPU.Build.0 = Release|Any CPU
	EndGlobalSection
	GlobalSection(SolutionProperties) = preSolution
		HideSolutionNode = FALSE
	EndGlobalSection
	GlobalSection(NestedProjects) = preSolution
		{BD518101-2995-431D-9AD4-30FD07E575F4} = {F6275A80-5435-44C9-BE3D-33DB5D18A16C}
		{C8B4836C-153D-48E7-B802-0006481CAD1F} = {D83DD268-8F42-4A92-8A60-D9E4C0CA203E}
		{1B12CFB1-BFF5-4D6F-B8E8-E4986CDAAF3E} = {F6275A80-5435-44C9-BE3D-33DB5D18A16C}
		{6057AC59-DC71-4A5E-BC40-49F6FEAF38C3} = {F6275A80-5435-44C9-BE3D-33DB5D18A16C}
		{F7784A87-0737-40E9-8E93-1673978CD958} = {F6275A80-5435-44C9-BE3D-33DB5D18A16C}
		{EB2E9389-7D8D-4F95-BE0F-73193D0B54C7} = {F6275A80-5435-44C9-BE3D-33DB5D18A16C}
		{6A96C298-4137-426B-AC14-FE53AD70A64B} = {F6275A80-5435-44C9-BE3D-33DB5D18A16C}
	EndGlobalSection
	GlobalSection(ExtensibilityGlobals) = postSolution
		SolutionGuid = {4636A4D0-2F20-4420-A022-3083E277A276}
	EndGlobalSection
EndGlobal
